
Microsoft Visual Studio Solution File, Format Version 12.00
# Visual Studio Version 17
VisualStudioVersion = 17.5.33530.505
MinimumVisualStudioVersion = 10.0.40219.1
Project("{F184B08F-C81C-45F6-A57F-5ABD9991F28F}") = "ENERGYWISE", "ENERGYWISE\ENERGYWISE.vbproj", "{AA72BF1A-BEF0-4BA9-A077-245445004F8C}"
EndProject
Global
	GlobalSection(SolutionConfigurationPlatforms) = preSolution
		Debug|Any CPU = Debug|Any CPU
		Release|Any CPU = Release|Any CPU
	EndGlobalSection
	GlobalSection(ProjectConfigurationPlatforms) = postSolution
		{AA72BF1A-BEF0-4BA9-A077-245445004F8C}.Debug|Any CPU.ActiveCfg = Debug|Any CPU
		{AA72BF1A-BEF0-4BA9-A077-245445004F8C}.Debug|Any CPU.Build.0 = Debug|Any CPU
		{AA72BF1A-BEF0-4BA9-A077-245445004F8C}.Release|Any CPU.ActiveCfg = Release|Any CPU
		{AA72BF1A-BEF0-4BA9-A077-245445004F8C}.Release|Any CPU.Build.0 = Release|Any CPU
	EndGlobalSection
	GlobalSection(SolutionProperties) = preSolution
		HideSolutionNode = FALSE
	EndGlobalSection
	GlobalSection(ExtensibilityGlobals) = postSolution
		SolutionGuid = {C2B6E350-82E9-475C-B1E5-3F1E139D01F9}
	EndGlobalSection
EndGlobal
